
Microsoft Visual Studio Solution File, Format Version 12.00
# Visual Studio Version 17
VisualStudioVersion = 17.3.32922.545
MinimumVisualStudioVersion = 10.0.40219.1
Project("{9A19103F-16F7-4668-BE54-9A1E7A4F7556}") = "Maui.Chips", "Maui.Chips.csproj", "{0A6F4375-4650-4793-BD01-38D3F3ACD2A4}"
EndProject
Global
	GlobalSection(SolutionConfigurationPlatforms) = preSolution
		Debug|Any CPU = Debug|Any CPU
		Release|Any CPU = Release|Any CPU
	EndGlobalSection
	GlobalSection(ProjectConfigurationPlatforms) = postSolution
		{0A6F4375-4650-4793-BD01-38D3F3ACD2A4}.Debug|Any CPU.ActiveCfg = Debug|Any CPU
		{0A6F4375-4650-4793-BD01-38D3F3ACD2A4}.Debug|Any CPU.Build.0 = Debug|Any CPU
		{0A6F4375-4650-4793-BD01-38D3F3ACD2A4}.Release|Any CPU.ActiveCfg = Release|Any CPU
		{0A6F4375-4650-4793-BD01-38D3F3ACD2A4}.Release|Any CPU.Build.0 = Release|Any CPU
	EndGlobalSection
	GlobalSection(SolutionProperties) = preSolution
		HideSolutionNode = FALSE
	EndGlobalSection
	GlobalSection(ExtensibilityGlobals) = postSolution
		SolutionGuid = {1F365E57-39F5-4C52-B85A-E17199B3EBF1}
	EndGlobalSection
EndGlobal
